
Microsoft Visual Studio Solution File, Format Version 12.00
# Visual Studio 14
VisualStudioVersion = 14.0.25420.1
MinimumVisualStudioVersion = 10.0.40219.1
Project("{FAE04EC0-301F-11D3-BF4B-00C04F79EFBC}") = "CIT.MES", "CIT.MES.csproj", "{CF585BDE-21F8-484B-BEC0-5F44A30D1956}"
EndProject
Project("{FAE04EC0-301F-11D3-BF4B-00C04F79EFBC}") = "Model", "..\Model\Model.csproj", "{F2EBC176-E8C1-4DD7-B1CD-81971A25C196}"
EndProject
Project("{FAE04EC0-301F-11D3-BF4B-00C04F79EFBC}") = "Common", "..\Common\Common.csproj", "{152D2FC9-EFE5-48A4-B5B6-571AC00D9141}"
EndProject
Project("{FAE04EC0-301F-11D3-BF4B-00C04F79EFBC}") = "Helper", "..\Helper\Helper.csproj", "{E152A479-B66C-463C-A61C-AF214EB14F71}"
EndProject
Project("{FAE04EC0-301F-11D3-BF4B-00C04F79EFBC}") = "Query", "..\Query\Query.csproj", "{48837F45-8E15-415F-97E2-4E073B2BFF6F}"
EndProject
Project("{FAE04EC0-301F-11D3-BF4B-00C04F79EFBC}") = "BaseData", "..\BaseData\BaseData.csproj", "{2379B437-ECBE-4D98-857E-2AF6123BBEE3}"
EndProject
Project("{FAE04EC0-301F-11D3-BF4B-00C04F79EFBC}") = "Warehouse", "..\Warehouse\Warehouse.csproj", "{8B66BAA8-963D-4B4C-BD3D-9FAA7FE6CF7F}"
EndProject
Project("{FAE04EC0-301F-11D3-BF4B-00C04F79EFBC}") = "CIT.Global", "..\CIT\CIT.Global\CIT.Global.csproj", "{47AAAB2D-437F-4FDA-AE1E-B6ED10DF48A6}"
EndProject
Project("{FAE04EC0-301F-11D3-BF4B-00C04F79EFBC}") = "CIT.Interface", "..\CIT\CIT.Interface\CIT.Interface.csproj", "{6E34208E-1503-4B1E-A132-0B48834723F0}"
EndProject
Project("{FAE04EC0-301F-11D3-BF4B-00C04F79EFBC}") = "CIT.Utils", "..\CIT\CIT.Utils\CIT.Utils.csproj", "{A637BC26-C0A4-4C23-ADE2-955E5AADA776}"
EndProject
Project("{FAE04EC0-301F-11D3-BF4B-00C04F79EFBC}") = "CIT.Wcf.Utils", "..\CIT\CIT.Wcf.Utils\CIT.Wcf.Utils.csproj", "{FD4850BA-0A33-4214-8985-A37EAC0E147A}"
EndProject
Global
	GlobalSection(SolutionConfigurationPlatforms) = preSolution
		Debug|Any CPU = Debug|Any CPU
		Release|Any CPU = Release|Any CPU
	EndGlobalSection
	GlobalSection(ProjectConfigurationPlatforms) = postSolution
		{CF585BDE-21F8-484B-BEC0-5F44A30D1956}.Debug|Any CPU.ActiveCfg = Debug|Any CPU
		{CF585BDE-21F8-484B-BEC0-5F44A30D1956}.Debug|Any CPU.Build.0 = Debug|Any CPU
		{CF585BDE-21F8-484B-BEC0-5F44A30D1956}.Release|Any CPU.ActiveCfg = Release|Any CPU
		{CF585BDE-21F8-484B-BEC0-5F44A30D1956}.Release|Any CPU.Build.0 = Release|Any CPU
		{F2EBC176-E8C1-4DD7-B1CD-81971A25C196}.Debug|Any CPU.ActiveCfg = Debug|Any CPU
		{F2EBC176-E8C1-4DD7-B1CD-81971A25C196}.Debug|Any CPU.Build.0 = Debug|Any CPU
		{F2EBC176-E8C1-4DD7-B1CD-81971A25C196}.Release|Any CPU.ActiveCfg = Release|Any CPU
		{F2EBC176-E8C1-4DD7-B1CD-81971A25C196}.Release|Any CPU.Build.0 = Release|Any CPU
		{152D2FC9-EFE5-48A4-B5B6-571AC00D9141}.Debug|Any CPU.ActiveCfg = Debug|Any CPU
		{152D2FC9-EFE5-48A4-B5B6-571AC00D9141}.Debug|Any CPU.Build.0 = Debug|Any CPU
		{152D2FC9-EFE5-48A4-B5B6-571AC00D9141}.Release|Any CPU.ActiveCfg = Release|Any CPU
		{152D2FC9-EFE5-48A4-B5B6-571AC00D9141}.Release|Any CPU.Build.0 = Release|Any CPU
		{E152A479-B66C-463C-A61C-AF214EB14F71}.Debug|Any CPU.ActiveCfg = Debug|Any CPU
		{E152A479-B66C-463C-A61C-AF214EB14F71}.Debug|Any CPU.Build.0 = Debug|Any CPU
		{E152A479-B66C-463C-A61C-AF214EB14F71}.Release|Any CPU.ActiveCfg = Release|Any CPU
		{E152A479-B66C-463C-A61C-AF214EB14F71}.Release|Any CPU.Build.0 = Release|Any CPU
		{48837F45-8E15-415F-97E2-4E073B2BFF6F}.Debug|Any CPU.ActiveCfg = Debug|Any CPU
		{48837F45-8E15-415F-97E2-4E073B2BFF6F}.Debug|Any CPU.Build.0 = Debug|Any CPU
		{48837F45-8E15-415F-97E2-4E073B2BFF6F}.Release|Any CPU.ActiveCfg = Release|Any CPU
		{48837F45-8E15-415F-97E2-4E073B2BFF6F}.Release|Any CPU.Build.0 = Release|Any CPU
		{2379B437-ECBE-4D98-857E-2AF6123BBEE3}.Debug|Any CPU.ActiveCfg = Debug|Any CPU
		{2379B437-ECBE-4D98-857E-2AF6123BBEE3}.Debug|Any CPU.Build.0 = Debug|Any CPU
		{2379B437-ECBE-4D98-857E-2AF6123BBEE3}.Release|Any CPU.ActiveCfg = Release|Any CPU
		{2379B437-ECBE-4D98-857E-2AF6123BBEE3}.Release|Any CPU.Build.0 = Release|Any CPU
		{8B66BAA8-963D-4B4C-BD3D-9FAA7FE6CF7F}.Debug|Any CPU.ActiveCfg = Debug|Any CPU
		{8B66BAA8-963D-4B4C-BD3D-9FAA7FE6CF7F}.Debug|Any CPU.Build.0 = Debug|Any CPU
		{8B66BAA8-963D-4B4C-BD3D-9FAA7FE6CF7F}.Release|Any CPU.ActiveCfg = Release|Any CPU
		{8B66BAA8-963D-4B4C-BD3D-9FAA7FE6CF7F}.Release|Any CPU.Build.0 = Release|Any CPU
		{47AAAB2D-437F-4FDA-AE1E-B6ED10DF48A6}.Debug|Any CPU.ActiveCfg = Debug|Any CPU
		{47AAAB2D-437F-4FDA-AE1E-B6ED10DF48A6}.Debug|Any CPU.Build.0 = Debug|Any CPU
		{47AAAB2D-437F-4FDA-AE1E-B6ED10DF48A6}.Release|Any CPU.ActiveCfg = Release|Any CPU
		{47AAAB2D-437F-4FDA-AE1E-B6ED10DF48A6}.Release|Any CPU.Build.0 = Release|Any CPU
		{6E34208E-1503-4B1E-A132-0B48834723F0}.Debug|Any CPU.ActiveCfg = Debug|Any CPU
		{6E34208E-1503-4B1E-A132-0B48834723F0}.Debug|Any CPU.Build.0 = Debug|Any CPU
		{6E34208E-1503-4B1E-A132-0B48834723F0}.Release|Any CPU.ActiveCfg = Release|Any CPU
		{6E34208E-1503-4B1E-A132-0B48834723F0}.Release|Any CPU.Build.0 = Release|Any CPU
		{A637BC26-C0A4-4C23-ADE2-955E5AADA776}.Debug|Any CPU.ActiveCfg = Debug|Any CPU
		{A637BC26-C0A4-4C23-ADE2-955E5AADA776}.Debug|Any CPU.Build.0 = Debug|Any CPU
		{A637BC26-C0A4-4C23-ADE2-955E5AADA776}.Release|Any CPU.ActiveCfg = Release|Any CPU
		{A637BC26-C0A4-4C23-ADE2-955E5AADA776}.Release|Any CPU.Build.0 = Release|Any CPU
		{FD4850BA-0A33-4214-8985-A37EAC0E147A}.Debug|Any CPU.ActiveCfg = Debug|Any CPU
		{FD4850BA-0A33-4214-8985-A37EAC0E147A}.Debug|Any CPU.Build.0 = Debug|Any CPU
		{FD4850BA-0A33-4214-8985-A37EAC0E147A}.Release|Any CPU.ActiveCfg = Release|Any CPU
		{FD4850BA-0A33-4214-8985-A37EAC0E147A}.Release|Any CPU.Build.0 = Release|Any CPU
	EndGlobalSection
	GlobalSection(SolutionProperties) = preSolution
		HideSolutionNode = FALSE
	EndGlobalSection
EndGlobal
